
Microsoft Visual Studio Solution File, Format Version 12.00
# Visual Studio Version 17
VisualStudioVersion = 17.1.32421.90
MinimumVisualStudioVersion = 10.0.40219.1
Project("{FAE04EC0-301F-11D3-BF4B-00C04F79EFBC}") = "pokus2", "pokus2\pokus2.csproj", "{402930D2-B6A9-4627-A5E0-9B46E5AF52E4}"
EndProject
Global
	GlobalSection(SolutionConfigurationPlatforms) = preSolution
		Debug|Any CPU = Debug|Any CPU
		Release|Any CPU = Release|Any CPU
	EndGlobalSection
	GlobalSection(ProjectConfigurationPlatforms) = postSolution
		{402930D2-B6A9-4627-A5E0-9B46E5AF52E4}.Debug|Any CPU.ActiveCfg = Debug|Any CPU
		{402930D2-B6A9-4627-A5E0-9B46E5AF52E4}.Debug|Any CPU.Build.0 = Debug|Any CPU
		{402930D2-B6A9-4627-A5E0-9B46E5AF52E4}.Release|Any CPU.ActiveCfg = Release|Any CPU
		{402930D2-B6A9-4627-A5E0-9B46E5AF52E4}.Release|Any CPU.Build.0 = Release|Any CPU
	EndGlobalSection
	GlobalSection(SolutionProperties) = preSolution
		HideSolutionNode = FALSE
	EndGlobalSection
	GlobalSection(ExtensibilityGlobals) = postSolution
		SolutionGuid = {89729E38-4CE9-4298-B913-4EBCA82C9C6C}
	EndGlobalSection
EndGlobal
